
Microsoft Visual Studio Solution File, Format Version 12.00
# Visual Studio 15
VisualStudioVersion = 15.0.28307.1831
MinimumVisualStudioVersion = 10.0.40219.1
Project("{FAE04EC0-301F-11D3-BF4B-00C04F79EFBC}") = "MultiThread_063", "MultiThread_063\MultiThread_063.csproj", "{F676DA37-56C1-4C2A-BD46-FC9ACDB17098}"
EndProject
Global
	GlobalSection(SolutionConfigurationPlatforms) = preSolution
		Debug|Any CPU = Debug|Any CPU
		Release|Any CPU = Release|Any CPU
	EndGlobalSection
	GlobalSection(ProjectConfigurationPlatforms) = postSolution
		{F676DA37-56C1-4C2A-BD46-FC9ACDB17098}.Debug|Any CPU.ActiveCfg = Debug|Any CPU
		{F676DA37-56C1-4C2A-BD46-FC9ACDB17098}.Debug|Any CPU.Build.0 = Debug|Any CPU
		{F676DA37-56C1-4C2A-BD46-FC9ACDB17098}.Release|Any CPU.ActiveCfg = Release|Any CPU
		{F676DA37-56C1-4C2A-BD46-FC9ACDB17098}.Release|Any CPU.Build.0 = Release|Any CPU
	EndGlobalSection
	GlobalSection(SolutionProperties) = preSolution
		HideSolutionNode = FALSE
	EndGlobalSection
	GlobalSection(ExtensibilityGlobals) = postSolution
		SolutionGuid = {99E5F891-6083-4157-8146-D38884AD45AA}
	EndGlobalSection
EndGlobal
